
Microsoft Visual Studio Solution File, Format Version 12.00
# Visual Studio Version 16
VisualStudioVersion = 16.0.32929.386
MinimumVisualStudioVersion = 10.0.40219.1
Project("{FAE04EC0-301F-11D3-BF4B-00C04F79EFBC}") = "DSALab_4", "DSALab_4.csproj", "{BCDDF4CB-E95E-4EF5-AC59-F5438D06DEC9}"
EndProject
Global
	GlobalSection(SolutionConfigurationPlatforms) = preSolution
		Debug|Any CPU = Debug|Any CPU
		Release|Any CPU = Release|Any CPU
	EndGlobalSection
	GlobalSection(ProjectConfigurationPlatforms) = postSolution
		{BCDDF4CB-E95E-4EF5-AC59-F5438D06DEC9}.Debug|Any CPU.ActiveCfg = Debug|Any CPU
		{BCDDF4CB-E95E-4EF5-AC59-F5438D06DEC9}.Debug|Any CPU.Build.0 = Debug|Any CPU
		{BCDDF4CB-E95E-4EF5-AC59-F5438D06DEC9}.Release|Any CPU.ActiveCfg = Release|Any CPU
		{BCDDF4CB-E95E-4EF5-AC59-F5438D06DEC9}.Release|Any CPU.Build.0 = Release|Any CPU
	EndGlobalSection
	GlobalSection(SolutionProperties) = preSolution
		HideSolutionNode = FALSE
	EndGlobalSection
	GlobalSection(ExtensibilityGlobals) = postSolution
		SolutionGuid = {75B40CF7-338E-40EC-BE4A-3A68314F1E82}
	EndGlobalSection
EndGlobal
